
Microsoft Visual Studio Solution File, Format Version 12.00
# Visual Studio Version 17
VisualStudioVersion = 17.9.34728.123
MinimumVisualStudioVersion = 10.0.40219.1
Project("{FAE04EC0-301F-11D3-BF4B-00C04F79EFBC}") = "HolaMundo2", "HolaMundo2\HolaMundo2.csproj", "{44309557-76C0-4CB6-805A-CB6E482B053B}"
EndProject
Global
	GlobalSection(SolutionConfigurationPlatforms) = preSolution
		Debug|Any CPU = Debug|Any CPU
		Release|Any CPU = Release|Any CPU
	EndGlobalSection
	GlobalSection(ProjectConfigurationPlatforms) = postSolution
		{44309557-76C0-4CB6-805A-CB6E482B053B}.Debug|Any CPU.ActiveCfg = Debug|Any CPU
		{44309557-76C0-4CB6-805A-CB6E482B053B}.Debug|Any CPU.Build.0 = Debug|Any CPU
		{44309557-76C0-4CB6-805A-CB6E482B053B}.Release|Any CPU.ActiveCfg = Release|Any CPU
		{44309557-76C0-4CB6-805A-CB6E482B053B}.Release|Any CPU.Build.0 = Release|Any CPU
	EndGlobalSection
	GlobalSection(SolutionProperties) = preSolution
		HideSolutionNode = FALSE
	EndGlobalSection
	GlobalSection(ExtensibilityGlobals) = postSolution
		SolutionGuid = {6671D26A-01C2-4CC9-8A6A-7CDDBD9B1D39}
	EndGlobalSection
EndGlobal
